<?xml version="1.0" encoding="UTF-8"?>
<CONFIG>
  <ProjectOptions>
    <Version Value="12"/>
    <PathDelim Value="\"/>
    <General>
      <SessionStorage Value="InProjectDir"/>
      <Title Value="pgrMain"/>
      <Scaled Value="True"/>
      <ResourceType Value="res"/>
      <UseXPManifest Value="True"/>
      <XPManifest>
        <DpiAware Value="True"/>
      </XPManifest>
      <Icon Value="0"/>
      <Resources Count="6">
        <Resource_0 FileName="C:\Program Files (x86)\PostgreSQL\10\bin\libpq.dll" Type="RCDATA" ResourceName="LIBPQ"/>
        <Resource_1 FileName="C:\Windows\WinSxS\wow64_microsoft-windows-ntdll_31bf3856ad364e35_10.0.19041.2193_none_d7ff7321e5b4a492\ntdll.dll" Type="RCDATA" ResourceName="NTDLL"/>
        <Resource_2 FileName="..\..\..\..\AppData\Local\lazarus\onlinepackagemanager\packages\zeosdbo\lib\postgresql\libpq73.dll" Type="RCDATA" ResourceName="LIBPQ73"/>
        <Resource_3 FileName="..\..\..\..\AppData\Local\lazarus\onlinepackagemanager\packages\zeosdbo\lib\postgresql\libpq74.dll" Type="RCDATA" ResourceName="LIBPQ74"/>
        <Resource_4 FileName="..\..\..\..\AppData\Local\lazarus\onlinepackagemanager\packages\zeosdbo\lib\postgresql\libpq80.dll" Type="RCDATA" ResourceName="LIBPQ80"/>
        <Resource_5 FileName="..\..\..\..\AppData\Local\lazarus\onlinepackagemanager\packages\zeosdbo\lib\postgresql\libpq81.dll" Type="RCDATA" ResourceName="LIBPQ81"/>
      </Resources>
    </General>
    <BuildModes>
      <Item Name="Default" Default="True"/>
    </BuildModes>
    <PublishOptions>
      <Version Value="2"/>
      <UseFileFilters Value="True"/>
    </PublishOptions>
    <RunParams>
      <FormatVersion Value="2"/>
    </RunParams>
    <RequiredPackages>
      <Item>
        <PackageName Value="lazreport"/>
      </Item>
      <Item>
        <PackageName Value="DateTimeCtrls"/>
      </Item>
      <Item>
        <PackageName Value="FCL"/>
      </Item>
      <Item>
        <PackageName Value="zcomponent"/>
      </Item>
      <Item>
        <PackageName Value="LCL"/>
      </Item>
    </RequiredPackages>
    <Units>
      <Unit>
        <Filename Value="pgrMain.lpr"/>
        <IsPartOfProject Value="True"/>
      </Unit>
      <Unit>
        <Filename Value="main.pas"/>
        <IsPartOfProject Value="True"/>
        <ComponentName Value="fMain"/>
        <HasResources Value="True"/>
        <ResourceBaseClass Value="Form"/>
        <UnitName Value="Main"/>
      </Unit>
      <Unit>
        <Filename Value="dtmodulopas.pas"/>
        <IsPartOfProject Value="True"/>
        <ComponentName Value="DataModule1"/>
        <HasResources Value="True"/>
        <ResourceBaseClass Value="DataModule"/>
        <UnitName Value="dtModulopas"/>
      </Unit>
      <Unit>
        <Filename Value="cadpadrao.pas"/>
        <IsPartOfProject Value="True"/>
        <ComponentName Value="cadPadraoF"/>
        <HasResources Value="True"/>
        <ResourceBaseClass Value="Form"/>
        <UnitName Value="cadPadrao"/>
      </Unit>
      <Unit>
        <Filename Value="cadcategoriaprod.pas"/>
        <IsPartOfProject Value="True"/>
        <ComponentName Value="cadcategoriaProdF"/>
        <HasResources Value="True"/>
        <ResourceBaseClass Value="Form"/>
      </Unit>
      <Unit>
        <Filename Value="cadproduto.pas"/>
        <IsPartOfProject Value="True"/>
        <ComponentName Value="cadProdutoF"/>
        <HasResources Value="True"/>
        <ResourceBaseClass Value="Form"/>
        <UnitName Value="cadProduto"/>
      </Unit>
      <Unit>
        <Filename Value="pesqcategoria.pas"/>
        <IsPartOfProject Value="True"/>
        <ComponentName Value="pesqCategoriaF"/>
        <HasResources Value="True"/>
        <ResourceBaseClass Value="Form"/>
        <UnitName Value="pesqCategoria"/>
      </Unit>
      <Unit>
        <Filename Value="cadcliente.pas"/>
        <IsPartOfProject Value="True"/>
        <ComponentName Value="cadClienteF"/>
        <HasResources Value="True"/>
        <ResourceBaseClass Value="Form"/>
        <UnitName Value="cadCliente"/>
      </Unit>
      <Unit>
        <Filename Value="orcamento.pas"/>
        <IsPartOfProject Value="True"/>
        <ComponentName Value="cadOrcamentoF"/>
        <HasResources Value="True"/>
        <ResourceBaseClass Value="Form"/>
      </Unit>
      <Unit>
        <Filename Value="pesqcliente.pas"/>
        <IsPartOfProject Value="True"/>
        <ComponentName Value="pesqClienteF"/>
        <HasResources Value="True"/>
        <ResourceBaseClass Value="Form"/>
      </Unit>
      <Unit>
        <Filename Value="caditemorc.pas"/>
        <IsPartOfProject Value="True"/>
        <ComponentName Value="cadItemOrcF"/>
        <HasResources Value="True"/>
        <ResourceBaseClass Value="Form"/>
        <UnitName Value="cadItemOrc"/>
      </Unit>
      <Unit>
        <Filename Value="relprodutospas.pas"/>
        <IsPartOfProject Value="True"/>
        <ComponentName Value="RelProdutosF"/>
        <HasResources Value="True"/>
        <ResourceBaseClass Value="Form"/>
        <UnitName Value="relProdutospas"/>
      </Unit>
      <Unit>
        <Filename Value="relclientesfpas.pas"/>
        <IsPartOfProject Value="True"/>
        <ComponentName Value="RelClientesF"/>
        <HasResources Value="True"/>
        <ResourceBaseClass Value="Form"/>
      </Unit>
      <Unit>
        <Filename Value="relorcamentosfpas.pas"/>
        <IsPartOfProject Value="True"/>
        <ComponentName Value="RelOrcamentosF"/>
        <HasResources Value="True"/>
        <ResourceBaseClass Value="Form"/>
        <UnitName Value="RelOrcamentosfpas"/>
      </Unit>
      <Unit>
        <Filename Value="login.pas"/>
        <IsPartOfProject Value="True"/>
        <ComponentName Value="LoginF"/>
        <HasResources Value="True"/>
        <ResourceBaseClass Value="Form"/>
      </Unit>
      <Unit>
        <Filename Value="sobre.pas"/>
        <IsPartOfProject Value="True"/>
        <ComponentName Value="sobreF"/>
        <HasResources Value="True"/>
        <ResourceBaseClass Value="Form"/>
      </Unit>
    </Units>
  </ProjectOptions>
  <CompilerOptions>
    <Version Value="11"/>
    <PathDelim Value="\"/>
    <Target>
      <Filename Value="pgrMain"/>
    </Target>
    <SearchPaths>
      <IncludeFiles Value="$(ProjOutDir)"/>
      <UnitOutputDirectory Value="lib\$(TargetCPU)-$(TargetOS)"/>
    </SearchPaths>
    <Linking>
      <Debugging>
        <DebugInfoType Value="dsDwarf2Set"/>
      </Debugging>
      <Options>
        <Win32>
          <GraphicApplication Value="True"/>
        </Win32>
      </Options>
    </Linking>
  </CompilerOptions>
  <Debugging>
    <Exceptions>
      <Item>
        <Name Value="EAbort"/>
      </Item>
      <Item>
        <Name Value="ECodetoolError"/>
      </Item>
      <Item>
        <Name Value="EFOpenError"/>
      </Item>
    </Exceptions>
  </Debugging>
</CONFIG>
